
Microsoft Visual Studio Solution File, Format Version 12.00
# Visual Studio Version 17
VisualStudioVersion = 17.4.33205.214
MinimumVisualStudioVersion = 10.0.40219.1
Project("{FAE04EC0-301F-11D3-BF4B-00C04F79EFBC}") = "CRUDAspnet", "CRUDAspnet.csproj", "{27379472-04EA-4EF9-B3D2-584E3341B3E6}"
EndProject
Global
	GlobalSection(SolutionConfigurationPlatforms) = preSolution
		Debug|Any CPU = Debug|Any CPU
		Release|Any CPU = Release|Any CPU
	EndGlobalSection
	GlobalSection(ProjectConfigurationPlatforms) = postSolution
		{27379472-04EA-4EF9-B3D2-584E3341B3E6}.Debug|Any CPU.ActiveCfg = Debug|Any CPU
		{27379472-04EA-4EF9-B3D2-584E3341B3E6}.Debug|Any CPU.Build.0 = Debug|Any CPU
		{27379472-04EA-4EF9-B3D2-584E3341B3E6}.Release|Any CPU.ActiveCfg = Release|Any CPU
		{27379472-04EA-4EF9-B3D2-584E3341B3E6}.Release|Any CPU.Build.0 = Release|Any CPU
	EndGlobalSection
	GlobalSection(SolutionProperties) = preSolution
		HideSolutionNode = FALSE
	EndGlobalSection
	GlobalSection(ExtensibilityGlobals) = postSolution
		SolutionGuid = {C0435464-5136-4068-A989-12E20727D2C6}
	EndGlobalSection
EndGlobal
